
Microsoft Visual Studio Solution File, Format Version 12.00
# Visual Studio Version 16
VisualStudioVersion = 16.0.29926.136
MinimumVisualStudioVersion = 10.0.40219.1
Project("{FAE04EC0-301F-11D3-BF4B-00C04F79EFBC}") = "QuadraticEquationApp", "QuadraticEquationApp\QuadraticEquationApp.csproj", "{A15F7FC1-399B-40A7-9BC5-AE7DAAC35FBA}"
EndProject
Global
	GlobalSection(SolutionConfigurationPlatforms) = preSolution
		Debug|Any CPU = Debug|Any CPU
		Release|Any CPU = Release|Any CPU
	EndGlobalSection
	GlobalSection(ProjectConfigurationPlatforms) = postSolution
		{A15F7FC1-399B-40A7-9BC5-AE7DAAC35FBA}.Debug|Any CPU.ActiveCfg = Debug|Any CPU
		{A15F7FC1-399B-40A7-9BC5-AE7DAAC35FBA}.Debug|Any CPU.Build.0 = Debug|Any CPU
		{A15F7FC1-399B-40A7-9BC5-AE7DAAC35FBA}.Release|Any CPU.ActiveCfg = Release|Any CPU
		{A15F7FC1-399B-40A7-9BC5-AE7DAAC35FBA}.Release|Any CPU.Build.0 = Release|Any CPU
	EndGlobalSection
	GlobalSection(SolutionProperties) = preSolution
		HideSolutionNode = FALSE
	EndGlobalSection
	GlobalSection(ExtensibilityGlobals) = postSolution
		SolutionGuid = {08758705-9214-4F66-9002-814611C654A7}
	EndGlobalSection
EndGlobal
